{
  "name": "cra-release-evidence-demo-cli",
  "version": "0.1.0",
  "lockfileVersion": 3,
  "requires": true,
  "packages": {
    "": {
      "name": "cra-release-evidence-demo-cli",
      "version": "0.1.0",
      "license": "MIT",
      "bin": {
        "evidence-demo": "src/cli.mjs"
      },
      "engines": {
        "node": ">=20"
      }
    }
  }
}
