{
  "name": "cra-release-evidence-demo-cli",
  "version": "0.1.2",
  "lockfileVersion": 3,
  "requires": true,
  "packages": {
    "": {
      "name": "cra-release-evidence-demo-cli",
      "version": "0.1.2",
      "license": "MIT",
      "dependencies": {
        "@cra-release-evidence-demo/release-format": "file:packages/release-format"
      },
      "bin": {
        "evidence-demo": "src/cli.mjs"
      },
      "engines": {
        "node": ">=20"
      }
    },
    "node_modules/@cra-release-evidence-demo/release-format": {
      "resolved": "packages/release-format",
      "link": true
    },
    "packages/release-format": {
      "name": "@cra-release-evidence-demo/release-format",
      "version": "0.1.2",
      "license": "MIT"
    }
  }
}
